// !$*UTF8*$!
{
	archiveVersion = 1;
	classes = {
	};
	objectVersion = 46;
	objects = {

/* Begin PBXBuildFile section */
		6E92B3F31EDC204000D37B9F /* AppDelegate.swift in Sources */ = {isa = PBXBuildFile; fileRef = 6E92B3F21EDC204000D37B9F /* AppDelegate.swift */; };
		6E92B3F51EDC204000D37B9F /* ViewController.swift in Sources */ = {isa = PBXBuildFile; fileRef = 6E92B3F41EDC204000D37B9F /* ViewController.swift */; };
		6E92B3F81EDC204000D37B9F /* Main.storyboard in Resources */ = {isa = PBXBuildFile; fileRef = 6E92B3F61EDC204000D37B9F /* Main.storyboard */; };
		6E92B3FA1EDC204000D37B9F /* Assets.xcassets in Resources */ = {isa = PBXBuildFile; fileRef = 6E92B3F91EDC204000D37B9F /* Assets.xcassets */; };
		6E92B3FD1EDC204000D37B9F /* LaunchScreen.storyboard in Resources */ = {isa = PBXBuildFile; fileRef = 6E92B3FB1EDC204000D37B9F /* LaunchScreen.storyboard */; };
		6E92B4081EDC204000D37B9F /* EKKitDemoTests.swift in Sources */ = {isa = PBXBuildFile; fileRef = 6E92B4071EDC204000D37B9F /* EKKitDemoTests.swift */; };
		6E92B4131EDC204000D37B9F /* EKKitDemoUITests.swift in Sources */ = {isa = PBXBuildFile; fileRef = 6E92B4121EDC204000D37B9F /* EKKitDemoUITests.swift */; };
		6E92B42E1EDC204B00D37B9F /* EKKit.framework in Frameworks */ = {isa = PBXBuildFile; fileRef = 6E92B4251EDC204B00D37B9F /* EKKit.framework */; };
		6E92B4351EDC204B00D37B9F /* EKKitTests.swift in Sources */ = {isa = PBXBuildFile; fileRef = 6E92B4341EDC204B00D37B9F /* EKKitTests.swift */; };
		6E92B4371EDC204B00D37B9F /* EKKit.h in Headers */ = {isa = PBXBuildFile; fileRef = 6E92B4271EDC204B00D37B9F /* EKKit.h */; settings = {ATTRIBUTES = (Public, ); }; };
		6E92B4441EDC20D800D37B9F /* EKLabel.swift in Sources */ = {isa = PBXBuildFile; fileRef = 6E92B4431EDC20D800D37B9F /* EKLabel.swift */; };
		6E92B4451EDC20D800D37B9F /* EKLabel.swift in Sources */ = {isa = PBXBuildFile; fileRef = 6E92B4431EDC20D800D37B9F /* EKLabel.swift */; };
		6EED86681EDC5A260011614A /* Designables in Resources */ = {isa = PBXBuildFile; fileRef = 6EED86671EDC5A260011614A /* Designables */; };
		6EED86A11EDC688D0011614A /* EKLabel.swift in Headers */ = {isa = PBXBuildFile; fileRef = 6E92B4431EDC20D800D37B9F /* EKLabel.swift */; };
/* End PBXBuildFile section */

/* Begin PBXContainerItemProxy section */
		6E92B4041EDC204000D37B9F /* PBXContainerItemProxy */ = {
			isa = PBXContainerItemProxy;
			containerPortal = 6E92B3E71EDC204000D37B9F /* Project object */;
			proxyType = 1;
			remoteGlobalIDString = 6E92B3EE1EDC204000D37B9F;
			remoteInfo = EKKitDemo;
		};
		6E92B40F1EDC204000D37B9F /* PBXContainerItemProxy */ = {
			isa = PBXContainerItemProxy;
			containerPortal = 6E92B3E71EDC204000D37B9F /* Project object */;
			proxyType = 1;
			remoteGlobalIDString = 6E92B3EE1EDC204000D37B9F;
			remoteInfo = EKKitDemo;
		};
		6E92B42F1EDC204B00D37B9F /* PBXContainerItemProxy */ = {
			isa = PBXContainerItemProxy;
			containerPortal = 6E92B3E71EDC204000D37B9F /* Project object */;
			proxyType = 1;
			remoteGlobalIDString = 6E92B4241EDC204B00D37B9F;
			remoteInfo = EKKit;
		};
		6E92B4311EDC204B00D37B9F /* PBXContainerItemProxy */ = {
			isa = PBXContainerItemProxy;
			containerPortal = 6E92B3E71EDC204000D37B9F /* Project object */;
			proxyType = 1;
			remoteGlobalIDString = 6E92B3EE1EDC204000D37B9F;
			remoteInfo = EKKitDemo;
		};
		6E92B4381EDC204B00D37B9F /* PBXContainerItemProxy */ = {
			isa = PBXContainerItemProxy;
			containerPortal = 6E92B3E71EDC204000D37B9F /* Project object */;
			proxyType = 1;
			remoteGlobalIDString = 6E92B4241EDC204B00D37B9F;
			remoteInfo = EKKit;
		};
/* End PBXContainerItemProxy section */

/* Begin PBXCopyFilesBuildPhase section */
		6E92B43F1EDC204B00D37B9F /* Embed Frameworks */ = {
			isa = PBXCopyFilesBuildPhase;
			buildActionMask = 2147483647;
			dstPath = "";
			dstSubfolderSpec = 10;
			files = (
			);
			name = "Embed Frameworks";
			runOnlyForDeploymentPostprocessing = 0;
		};
		6EED86711EDC5E830011614A /* CopyFiles */ = {
			isa = PBXCopyFilesBuildPhase;
			buildActionMask = 2147483647;
			dstPath = "";
			dstSubfolderSpec = 10;
			files = (
			);
			runOnlyForDeploymentPostprocessing = 0;
		};
/* End PBXCopyFilesBuildPhase section */

/* Begin PBXFileReference section */
		6E92B3EF1EDC204000D37B9F /* EKKitDemo.app */ = {isa = PBXFileReference; explicitFileType = wrapper.application; includeInIndex = 0; path = EKKitDemo.app; sourceTree = BUILT_PRODUCTS_DIR; };
		6E92B3F21EDC204000D37B9F /* AppDelegate.swift */ = {isa = PBXFileReference; lastKnownFileType = sourcecode.swift; path = AppDelegate.swift; sourceTree = "<group>"; };
		6E92B3F41EDC204000D37B9F /* ViewController.swift */ = {isa = PBXFileReference; lastKnownFileType = sourcecode.swift; path = ViewController.swift; sourceTree = "<group>"; };
		6E92B3F71EDC204000D37B9F /* Base */ = {isa = PBXFileReference; lastKnownFileType = file.storyboard; name = Base; path = Base.lproj/Main.storyboard; sourceTree = "<group>"; };
		6E92B3F91EDC204000D37B9F /* Assets.xcassets */ = {isa = PBXFileReference; lastKnownFileType = folder.assetcatalog; path = Assets.xcassets; sourceTree = "<group>"; };
		6E92B3FC1EDC204000D37B9F /* Base */ = {isa = PBXFileReference; lastKnownFileType = file.storyboard; name = Base; path = Base.lproj/LaunchScreen.storyboard; sourceTree = "<group>"; };
		6E92B3FE1EDC204000D37B9F /* Info.plist */ = {isa = PBXFileReference; lastKnownFileType = text.plist.xml; path = Info.plist; sourceTree = "<group>"; };
		6E92B4031EDC204000D37B9F /* EKKitDemoTests.xctest */ = {isa = PBXFileReference; explicitFileType = wrapper.cfbundle; includeInIndex = 0; path = EKKitDemoTests.xctest; sourceTree = BUILT_PRODUCTS_DIR; };
		6E92B4071EDC204000D37B9F /* EKKitDemoTests.swift */ = {isa = PBXFileReference; lastKnownFileType = sourcecode.swift; path = EKKitDemoTests.swift; sourceTree = "<group>"; };
		6E92B4091EDC204000D37B9F /* Info.plist */ = {isa = PBXFileReference; lastKnownFileType = text.plist.xml; path = Info.plist; sourceTree = "<group>"; };
		6E92B40E1EDC204000D37B9F /* EKKitDemoUITests.xctest */ = {isa = PBXFileReference; explicitFileType = wrapper.cfbundle; includeInIndex = 0; path = EKKitDemoUITests.xctest; sourceTree = BUILT_PRODUCTS_DIR; };
		6E92B4121EDC204000D37B9F /* EKKitDemoUITests.swift */ = {isa = PBXFileReference; lastKnownFileType = sourcecode.swift; path = EKKitDemoUITests.swift; sourceTree = "<group>"; };
		6E92B4141EDC204000D37B9F /* Info.plist */ = {isa = PBXFileReference; lastKnownFileType = text.plist.xml; path = Info.plist; sourceTree = "<group>"; };
		6E92B4251EDC204B00D37B9F /* EKKit.framework */ = {isa = PBXFileReference; explicitFileType = wrapper.framework; includeInIndex = 0; path = EKKit.framework; sourceTree = BUILT_PRODUCTS_DIR; };
		6E92B4271EDC204B00D37B9F /* EKKit.h */ = {isa = PBXFileReference; lastKnownFileType = sourcecode.c.h; path = EKKit.h; sourceTree = "<group>"; };
		6E92B4281EDC204B00D37B9F /* Info.plist */ = {isa = PBXFileReference; lastKnownFileType = text.plist.xml; path = Info.plist; sourceTree = "<group>"; };
		6E92B42D1EDC204B00D37B9F /* EKKitTests.xctest */ = {isa = PBXFileReference; explicitFileType = wrapper.cfbundle; includeInIndex = 0; path = EKKitTests.xctest; sourceTree = BUILT_PRODUCTS_DIR; };
		6E92B4341EDC204B00D37B9F /* EKKitTests.swift */ = {isa = PBXFileReference; lastKnownFileType = sourcecode.swift; path = EKKitTests.swift; sourceTree = "<group>"; };
		6E92B4361EDC204B00D37B9F /* Info.plist */ = {isa = PBXFileReference; lastKnownFileType = text.plist.xml; path = Info.plist; sourceTree = "<group>"; };
		6E92B4431EDC20D800D37B9F /* EKLabel.swift */ = {isa = PBXFileReference; fileEncoding = 4; lastKnownFileType = sourcecode.swift; name = EKLabel.swift; path = EKKitDemo/EKLabel.swift; sourceTree = SOURCE_ROOT; };
		6EED86671EDC5A260011614A /* Designables */ = {isa = PBXFileReference; lastKnownFileType = folder; path = Designables; sourceTree = "<group>"; };
/* End PBXFileReference section */

/* Begin PBXFrameworksBuildPhase section */
		6E92B3EC1EDC204000D37B9F /* Frameworks */ = {
			isa = PBXFrameworksBuildPhase;
			buildActionMask = 2147483647;
			files = (
			);
			runOnlyForDeploymentPostprocessing = 0;
		};
		6E92B4001EDC204000D37B9F /* Frameworks */ = {
			isa = PBXFrameworksBuildPhase;
			buildActionMask = 2147483647;
			files = (
			);
			runOnlyForDeploymentPostprocessing = 0;
		};
		6E92B40B1EDC204000D37B9F /* Frameworks */ = {
			isa = PBXFrameworksBuildPhase;
			buildActionMask = 2147483647;
			files = (
			);
			runOnlyForDeploymentPostprocessing = 0;
		};
		6E92B4211EDC204B00D37B9F /* Frameworks */ = {
			isa = PBXFrameworksBuildPhase;
			buildActionMask = 2147483647;
			files = (
			);
			runOnlyForDeploymentPostprocessing = 0;
		};
		6E92B42A1EDC204B00D37B9F /* Frameworks */ = {
			isa = PBXFrameworksBuildPhase;
			buildActionMask = 2147483647;
			files = (
				6E92B42E1EDC204B00D37B9F /* EKKit.framework in Frameworks */,
			);
			runOnlyForDeploymentPostprocessing = 0;
		};
/* End PBXFrameworksBuildPhase section */

/* Begin PBXGroup section */
		6E92B3E61EDC204000D37B9F = {
			isa = PBXGroup;
			children = (
				6E92B3F11EDC204000D37B9F /* EKKitDemo */,
				6E92B4061EDC204000D37B9F /* EKKitDemoTests */,
				6E92B4111EDC204000D37B9F /* EKKitDemoUITests */,
				6E92B4261EDC204B00D37B9F /* EKKit */,
				6E92B4331EDC204B00D37B9F /* EKKitTests */,
				6E92B3F01EDC204000D37B9F /* Products */,
			);
			sourceTree = "<group>";
		};
		6E92B3F01EDC204000D37B9F /* Products */ = {
			isa = PBXGroup;
			children = (
				6E92B3EF1EDC204000D37B9F /* EKKitDemo.app */,
				6E92B4031EDC204000D37B9F /* EKKitDemoTests.xctest */,
				6E92B40E1EDC204000D37B9F /* EKKitDemoUITests.xctest */,
				6E92B4251EDC204B00D37B9F /* EKKit.framework */,
				6E92B42D1EDC204B00D37B9F /* EKKitTests.xctest */,
			);
			name = Products;
			sourceTree = "<group>";
		};
		6E92B3F11EDC204000D37B9F /* EKKitDemo */ = {
			isa = PBXGroup;
			children = (
				6E92B3F21EDC204000D37B9F /* AppDelegate.swift */,
				6E92B3F41EDC204000D37B9F /* ViewController.swift */,
				6E92B3F61EDC204000D37B9F /* Main.storyboard */,
				6E92B3F91EDC204000D37B9F /* Assets.xcassets */,
				6E92B3FB1EDC204000D37B9F /* LaunchScreen.storyboard */,
				6E92B3FE1EDC204000D37B9F /* Info.plist */,
			);
			path = EKKitDemo;
			sourceTree = "<group>";
		};
		6E92B4061EDC204000D37B9F /* EKKitDemoTests */ = {
			isa = PBXGroup;
			children = (
				6E92B4071EDC204000D37B9F /* EKKitDemoTests.swift */,
				6E92B4091EDC204000D37B9F /* Info.plist */,
			);
			path = EKKitDemoTests;
			sourceTree = "<group>";
		};
		6E92B4111EDC204000D37B9F /* EKKitDemoUITests */ = {
			isa = PBXGroup;
			children = (
				6E92B4121EDC204000D37B9F /* EKKitDemoUITests.swift */,
				6E92B4141EDC204000D37B9F /* Info.plist */,
			);
			path = EKKitDemoUITests;
			sourceTree = "<group>";
		};
		6E92B4261EDC204B00D37B9F /* EKKit */ = {
			isa = PBXGroup;
			children = (
				6E92B4271EDC204B00D37B9F /* EKKit.h */,
				6E92B4431EDC20D800D37B9F /* EKLabel.swift */,
				6EED86671EDC5A260011614A /* Designables */,
				6E92B4281EDC204B00D37B9F /* Info.plist */,
			);
			path = EKKit;
			sourceTree = "<group>";
		};
		6E92B4331EDC204B00D37B9F /* EKKitTests */ = {
			isa = PBXGroup;
			children = (
				6E92B4341EDC204B00D37B9F /* EKKitTests.swift */,
				6E92B4361EDC204B00D37B9F /* Info.plist */,
			);
			path = EKKitTests;
			sourceTree = "<group>";
		};
/* End PBXGroup section */

/* Begin PBXHeadersBuildPhase section */
		6E92B4221EDC204B00D37B9F /* Headers */ = {
			isa = PBXHeadersBuildPhase;
			buildActionMask = 2147483647;
			files = (
				6E92B4371EDC204B00D37B9F /* EKKit.h in Headers */,
				6EED86A11EDC688D0011614A /* EKLabel.swift in Headers */,
			);
			runOnlyForDeploymentPostprocessing = 0;
		};
/* End PBXHeadersBuildPhase section */

/* Begin PBXNativeTarget section */
		6E92B3EE1EDC204000D37B9F /* EKKitDemo */ = {
			isa = PBXNativeTarget;
			buildConfigurationList = 6E92B4171EDC204000D37B9F /* Build configuration list for PBXNativeTarget "EKKitDemo" */;
			buildPhases = (
				6E92B3EB1EDC204000D37B9F /* Sources */,
				6E92B3EC1EDC204000D37B9F /* Frameworks */,
				6E92B3ED1EDC204000D37B9F /* Resources */,
				6E92B43F1EDC204B00D37B9F /* Embed Frameworks */,
			);
			buildRules = (
			);
			dependencies = (
				6E92B4391EDC204B00D37B9F /* PBXTargetDependency */,
			);
			name = EKKitDemo;
			productName = EKKitDemo;
			productReference = 6E92B3EF1EDC204000D37B9F /* EKKitDemo.app */;
			productType = "com.apple.product-type.application";
		};
		6E92B4021EDC204000D37B9F /* EKKitDemoTests */ = {
			isa = PBXNativeTarget;
			buildConfigurationList = 6E92B41A1EDC204000D37B9F /* Build configuration list for PBXNativeTarget "EKKitDemoTests" */;
			buildPhases = (
				6E92B3FF1EDC204000D37B9F /* Sources */,
				6E92B4001EDC204000D37B9F /* Frameworks */,
				6E92B4011EDC204000D37B9F /* Resources */,
			);
			buildRules = (
			);
			dependencies = (
				6E92B4051EDC204000D37B9F /* PBXTargetDependency */,
			);
			name = EKKitDemoTests;
			productName = EKKitDemoTests;
			productReference = 6E92B4031EDC204000D37B9F /* EKKitDemoTests.xctest */;
			productType = "com.apple.product-type.bundle.unit-test";
		};
		6E92B40D1EDC204000D37B9F /* EKKitDemoUITests */ = {
			isa = PBXNativeTarget;
			buildConfigurationList = 6E92B41D1EDC204000D37B9F /* Build configuration list for PBXNativeTarget "EKKitDemoUITests" */;
			buildPhases = (
				6E92B40A1EDC204000D37B9F /* Sources */,
				6E92B40B1EDC204000D37B9F /* Frameworks */,
				6E92B40C1EDC204000D37B9F /* Resources */,
			);
			buildRules = (
			);
			dependencies = (
				6E92B4101EDC204000D37B9F /* PBXTargetDependency */,
			);
			name = EKKitDemoUITests;
			productName = EKKitDemoUITests;
			productReference = 6E92B40E1EDC204000D37B9F /* EKKitDemoUITests.xctest */;
			productType = "com.apple.product-type.bundle.ui-testing";
		};
		6E92B4241EDC204B00D37B9F /* EKKit */ = {
			isa = PBXNativeTarget;
			buildConfigurationList = 6E92B43C1EDC204B00D37B9F /* Build configuration list for PBXNativeTarget "EKKit" */;
			buildPhases = (
				6E92B4201EDC204B00D37B9F /* Sources */,
				6E92B4211EDC204B00D37B9F /* Frameworks */,
				6E92B4221EDC204B00D37B9F /* Headers */,
				6E92B4231EDC204B00D37B9F /* Resources */,
				6EED86711EDC5E830011614A /* CopyFiles */,
			);
			buildRules = (
			);
			dependencies = (
			);
			name = EKKit;
			productName = EKKit;
			productReference = 6E92B4251EDC204B00D37B9F /* EKKit.framework */;
			productType = "com.apple.product-type.framework";
		};
		6E92B42C1EDC204B00D37B9F /* EKKitTests */ = {
			isa = PBXNativeTarget;
			buildConfigurationList = 6E92B4401EDC204B00D37B9F /* Build configuration list for PBXNativeTarget "EKKitTests" */;
			buildPhases = (
				6E92B4291EDC204B00D37B9F /* Sources */,
				6E92B42A1EDC204B00D37B9F /* Frameworks */,
				6E92B42B1EDC204B00D37B9F /* Resources */,
			);
			buildRules = (
			);
			dependencies = (
				6E92B4301EDC204B00D37B9F /* PBXTargetDependency */,
				6E92B4321EDC204B00D37B9F /* PBXTargetDependency */,
			);
			name = EKKitTests;
			productName = EKKitTests;
			productReference = 6E92B42D1EDC204B00D37B9F /* EKKitTests.xctest */;
			productType = "com.apple.product-type.bundle.unit-test";
		};
/* End PBXNativeTarget section */

/* Begin PBXProject section */
		6E92B3E71EDC204000D37B9F /* Project object */ = {
			isa = PBXProject;
			attributes = {
				LastSwiftUpdateCheck = 0830;
				LastUpgradeCheck = 0830;
				ORGANIZATIONNAME = Ekino;
				TargetAttributes = {
					6E92B3EE1EDC204000D37B9F = {
						CreatedOnToolsVersion = 8.3.2;
						DevelopmentTeam = A65MHS8BRK;
						ProvisioningStyle = Automatic;
					};
					6E92B4021EDC204000D37B9F = {
						CreatedOnToolsVersion = 8.3.2;
						DevelopmentTeam = A65MHS8BRK;
						ProvisioningStyle = Automatic;
						TestTargetID = 6E92B3EE1EDC204000D37B9F;
					};
					6E92B40D1EDC204000D37B9F = {
						CreatedOnToolsVersion = 8.3.2;
						DevelopmentTeam = A65MHS8BRK;
						ProvisioningStyle = Automatic;
						TestTargetID = 6E92B3EE1EDC204000D37B9F;
					};
					6E92B4241EDC204B00D37B9F = {
						CreatedOnToolsVersion = 8.3.2;
						DevelopmentTeam = A65MHS8BRK;
						LastSwiftMigration = 0830;
						ProvisioningStyle = Automatic;
					};
					6E92B42C1EDC204B00D37B9F = {
						CreatedOnToolsVersion = 8.3.2;
						DevelopmentTeam = A65MHS8BRK;
						ProvisioningStyle = Automatic;
						TestTargetID = 6E92B3EE1EDC204000D37B9F;
					};
				};
			};
			buildConfigurationList = 6E92B3EA1EDC204000D37B9F /* Build configuration list for PBXProject "EKKitDemo" */;
			compatibilityVersion = "Xcode 3.2";
			developmentRegion = English;
			hasScannedForEncodings = 0;
			knownRegions = (
				en,
				Base,
			);
			mainGroup = 6E92B3E61EDC204000D37B9F;
			productRefGroup = 6E92B3F01EDC204000D37B9F /* Products */;
			projectDirPath = "";
			projectRoot = "";
			targets = (
				6E92B3EE1EDC204000D37B9F /* EKKitDemo */,
				6E92B4241EDC204B00D37B9F /* EKKit */,
				6E92B4021EDC204000D37B9F /* EKKitDemoTests */,
				6E92B40D1EDC204000D37B9F /* EKKitDemoUITests */,
				6E92B42C1EDC204B00D37B9F /* EKKitTests */,
			);
		};
/* End PBXProject section */

/* Begin PBXResourcesBuildPhase section */
		6E92B3ED1EDC204000D37B9F /* Resources */ = {
			isa = PBXResourcesBuildPhase;
			buildActionMask = 2147483647;
			files = (
				6E92B3FD1EDC204000D37B9F /* LaunchScreen.storyboard in Resources */,
				6E92B3FA1EDC204000D37B9F /* Assets.xcassets in Resources */,
				6E92B3F81EDC204000D37B9F /* Main.storyboard in Resources */,
			);
			runOnlyForDeploymentPostprocessing = 0;
		};
		6E92B4011EDC204000D37B9F /* Resources */ = {
			isa = PBXResourcesBuildPhase;
			buildActionMask = 2147483647;
			files = (
			);
			runOnlyForDeploymentPostprocessing = 0;
		};
		6E92B40C1EDC204000D37B9F /* Resources */ = {
			isa = PBXResourcesBuildPhase;
			buildActionMask = 2147483647;
			files = (
			);
			runOnlyForDeploymentPostprocessing = 0;
		};
		6E92B4231EDC204B00D37B9F /* Resources */ = {
			isa = PBXResourcesBuildPhase;
			buildActionMask = 2147483647;
			files = (
				6EED86681EDC5A260011614A /* Designables in Resources */,
			);
			runOnlyForDeploymentPostprocessing = 0;
		};
		6E92B42B1EDC204B00D37B9F /* Resources */ = {
			isa = PBXResourcesBuildPhase;
			buildActionMask = 2147483647;
			files = (
			);
			runOnlyForDeploymentPostprocessing = 0;
		};
/* End PBXResourcesBuildPhase section */

/* Begin PBXSourcesBuildPhase section */
		6E92B3EB1EDC204000D37B9F /* Sources */ = {
			isa = PBXSourcesBuildPhase;
			buildActionMask = 2147483647;
			files = (
				6E92B3F51EDC204000D37B9F /* ViewController.swift in Sources */,
				6E92B4441EDC20D800D37B9F /* EKLabel.swift in Sources */,
				6E92B3F31EDC204000D37B9F /* AppDelegate.swift in Sources */,
			);
			runOnlyForDeploymentPostprocessing = 0;
		};
		6E92B3FF1EDC204000D37B9F /* Sources */ = {
			isa = PBXSourcesBuildPhase;
			buildActionMask = 2147483647;
			files = (
				6E92B4081EDC204000D37B9F /* EKKitDemoTests.swift in Sources */,
			);
			runOnlyForDeploymentPostprocessing = 0;
		};
		6E92B40A1EDC204000D37B9F /* Sources */ = {
			isa = PBXSourcesBuildPhase;
			buildActionMask = 2147483647;
			files = (
				6E92B4131EDC204000D37B9F /* EKKitDemoUITests.swift in Sources */,
			);
			runOnlyForDeploymentPostprocessing = 0;
		};
		6E92B4201EDC204B00D37B9F /* Sources */ = {
			isa = PBXSourcesBuildPhase;
			buildActionMask = 2147483647;
			files = (
				6E92B4451EDC20D800D37B9F /* EKLabel.swift in Sources */,
			);
			runOnlyForDeploymentPostprocessing = 0;
		};
		6E92B4291EDC204B00D37B9F /* Sources */ = {
			isa = PBXSourcesBuildPhase;
			buildActionMask = 2147483647;
			files = (
				6E92B4351EDC204B00D37B9F /* EKKitTests.swift in Sources */,
			);
			runOnlyForDeploymentPostprocessing = 0;
		};
/* End PBXSourcesBuildPhase section */

/* Begin PBXTargetDependency section */
		6E92B4051EDC204000D37B9F /* PBXTargetDependency */ = {
			isa = PBXTargetDependency;
			target = 6E92B3EE1EDC204000D37B9F /* EKKitDemo */;
			targetProxy = 6E92B4041EDC204000D37B9F /* PBXContainerItemProxy */;
		};
		6E92B4101EDC204000D37B9F /* PBXTargetDependency */ = {
			isa = PBXTargetDependency;
			target = 6E92B3EE1EDC204000D37B9F /* EKKitDemo */;
			targetProxy = 6E92B40F1EDC204000D37B9F /* PBXContainerItemProxy */;
		};
		6E92B4301EDC204B00D37B9F /* PBXTargetDependency */ = {
			isa = PBXTargetDependency;
			target = 6E92B4241EDC204B00D37B9F /* EKKit */;
			targetProxy = 6E92B42F1EDC204B00D37B9F /* PBXContainerItemProxy */;
		};
		6E92B4321EDC204B00D37B9F /* PBXTargetDependency */ = {
			isa = PBXTargetDependency;
			target = 6E92B3EE1EDC204000D37B9F /* EKKitDemo */;
			targetProxy = 6E92B4311EDC204B00D37B9F /* PBXContainerItemProxy */;
		};
		6E92B4391EDC204B00D37B9F /* PBXTargetDependency */ = {
			isa = PBXTargetDependency;
			target = 6E92B4241EDC204B00D37B9F /* EKKit */;
			targetProxy = 6E92B4381EDC204B00D37B9F /* PBXContainerItemProxy */;
		};
/* End PBXTargetDependency section */

/* Begin PBXVariantGroup section */
		6E92B3F61EDC204000D37B9F /* Main.storyboard */ = {
			isa = PBXVariantGroup;
			children = (
				6E92B3F71EDC204000D37B9F /* Base */,
			);
			name = Main.storyboard;
			sourceTree = "<group>";
		};
		6E92B3FB1EDC204000D37B9F /* LaunchScreen.storyboard */ = {
			isa = PBXVariantGroup;
			children = (
				6E92B3FC1EDC204000D37B9F /* Base */,
			);
			name = LaunchScreen.storyboard;
			sourceTree = "<group>";
		};
/* End PBXVariantGroup section */

/* Begin XCBuildConfiguration section */
		6E92B4151EDC204000D37B9F /* Debug */ = {
			isa = XCBuildConfiguration;
			buildSettings = {
				ALWAYS_SEARCH_USER_PATHS = NO;
				CLANG_ANALYZER_NONNULL = YES;
				CLANG_ANALYZER_NUMBER_OBJECT_CONVERSION = YES_AGGRESSIVE;
				CLANG_CXX_LANGUAGE_STANDARD = "gnu++0x";
				CLANG_CXX_LIBRARY = "libc++";
				CLANG_ENABLE_MODULES = YES;
				CLANG_ENABLE_OBJC_ARC = YES;
				CLANG_WARN_BOOL_CONVERSION = YES;
				CLANG_WARN_CONSTANT_CONVERSION = YES;
				CLANG_WARN_DIRECT_OBJC_ISA_USAGE = YES_ERROR;
				CLANG_WARN_DOCUMENTATION_COMMENTS = YES;
				CLANG_WARN_EMPTY_BODY = YES;
				CLANG_WARN_ENUM_CONVERSION = YES;
				CLANG_WARN_INFINITE_RECURSION = YES;
				CLANG_WARN_INT_CONVERSION = YES;
				CLANG_WARN_OBJC_ROOT_CLASS = YES_ERROR;
				CLANG_WARN_SUSPICIOUS_MOVE = YES;
				CLANG_WARN_UNREACHABLE_CODE = YES;
				CLANG_WARN__DUPLICATE_METHOD_MATCH = YES;
				"CODE_SIGN_IDENTITY[sdk=iphoneos*]" = "iPhone Developer";
				COPY_PHASE_STRIP = NO;
				DEBUG_INFORMATION_FORMAT = dwarf;
				ENABLE_STRICT_OBJC_MSGSEND = YES;
				ENABLE_TESTABILITY = YES;
				GCC_C_LANGUAGE_STANDARD = gnu99;
				GCC_DYNAMIC_NO_PIC = NO;
				GCC_NO_COMMON_BLOCKS = YES;
				GCC_OPTIMIZATION_LEVEL = 0;
				GCC_PREPROCESSOR_DEFINITIONS = (
					"DEBUG=1",
					"$(inherited)",
				);
				GCC_WARN_64_TO_32_BIT_CONVERSION = YES;
				GCC_WARN_ABOUT_RETURN_TYPE = YES_ERROR;
				GCC_WARN_UNDECLARED_SELECTOR = YES;
				GCC_WARN_UNINITIALIZED_AUTOS = YES_AGGRESSIVE;
				GCC_WARN_UNUSED_FUNCTION = YES;
				GCC_WARN_UNUSED_VARIABLE = YES;
				IPHONEOS_DEPLOYMENT_TARGET = 10.3;
				MTL_ENABLE_DEBUG_INFO = YES;
				ONLY_ACTIVE_ARCH = YES;
				SDKROOT = iphoneos;
				SWIFT_ACTIVE_COMPILATION_CONDITIONS = DEBUG;
				SWIFT_OPTIMIZATION_LEVEL = "-Onone";
				TARGETED_DEVICE_FAMILY = "1,2";
			};
			name = Debug;
		};
		6E92B4161EDC204000D37B9F /* Release */ = {
			isa = XCBuildConfiguration;
			buildSettings = {
				ALWAYS_SEARCH_USER_PATHS = NO;
				CLANG_ANALYZER_NONNULL = YES;
				CLANG_ANALYZER_NUMBER_OBJECT_CONVERSION = YES_AGGRESSIVE;
				CLANG_CXX_LANGUAGE_STANDARD = "gnu++0x";
				CLANG_CXX_LIBRARY = "libc++";
				CLANG_ENABLE_MODULES = YES;
				CLANG_ENABLE_OBJC_ARC = YES;
				CLANG_WARN_BOOL_CONVERSION = YES;
				CLANG_WARN_CONSTANT_CONVERSION = YES;
				CLANG_WARN_DIRECT_OBJC_ISA_USAGE = YES_ERROR;
				CLANG_WARN_DOCUMENTATION_COMMENTS = YES;
				CLANG_WARN_EMPTY_BODY = YES;
				CLANG_WARN_ENUM_CONVERSION = YES;
				CLANG_WARN_INFINITE_RECURSION = YES;
				CLANG_WARN_INT_CONVERSION = YES;
				CLANG_WARN_OBJC_ROOT_CLASS = YES_ERROR;
				CLANG_WARN_SUSPICIOUS_MOVE = YES;
				CLANG_WARN_UNREACHABLE_CODE = YES;
				CLANG_WARN__DUPLICATE_METHOD_MATCH = YES;
				"CODE_SIGN_IDENTITY[sdk=iphoneos*]" = "iPhone Developer";
				COPY_PHASE_STRIP = NO;
				DEBUG_INFORMATION_FORMAT = "dwarf-with-dsym";
				ENABLE_NS_ASSERTIONS = NO;
				ENABLE_STRICT_OBJC_MSGSEND = YES;
				GCC_C_LANGUAGE_STANDARD = gnu99;
				GCC_NO_COMMON_BLOCKS = YES;
				GCC_WARN_64_TO_32_BIT_CONVERSION = YES;
				GCC_WARN_ABOUT_RETURN_TYPE = YES_ERROR;
				GCC_WARN_UNDECLARED_SELECTOR = YES;
				GCC_WARN_UNINITIALIZED_AUTOS = YES_AGGRESSIVE;
				GCC_WARN_UNUSED_FUNCTION = YES;
				GCC_WARN_UNUSED_VARIABLE = YES;
				IPHONEOS_DEPLOYMENT_TARGET = 10.3;
				MTL_ENABLE_DEBUG_INFO = NO;
				SDKROOT = iphoneos;
				SWIFT_OPTIMIZATION_LEVEL = "-Owholemodule";
				TARGETED_DEVICE_FAMILY = "1,2";
				VALIDATE_PRODUCT = YES;
			};
			name = Release;
		};
		6E92B4181EDC204000D37B9F /* Debug */ = {
			isa = XCBuildConfiguration;
			buildSettings = {
				ALWAYS_EMBED_SWIFT_STANDARD_LIBRARIES = YES;
				ASSETCATALOG_COMPILER_APPICON_NAME = AppIcon;
				DEVELOPMENT_TEAM = A65MHS8BRK;
				INFOPLIST_FILE = EKKitDemo/Info.plist;
				LD_RUNPATH_SEARCH_PATHS = "$(inherited) @executable_path/Frameworks";
				PRODUCT_BUNDLE_IDENTIFIER = com.ekino.EKKitDemo;
				PRODUCT_NAME = "$(TARGET_NAME)";
				SWIFT_VERSION = 3.0;
			};
			name = Debug;
		};
		6E92B4191EDC204000D37B9F /* Release */ = {
			isa = XCBuildConfiguration;
			buildSettings = {
				ALWAYS_EMBED_SWIFT_STANDARD_LIBRARIES = YES;
				ASSETCATALOG_COMPILER_APPICON_NAME = AppIcon;
				DEVELOPMENT_TEAM = A65MHS8BRK;
				INFOPLIST_FILE = EKKitDemo/Info.plist;
				LD_RUNPATH_SEARCH_PATHS = "$(inherited) @executable_path/Frameworks";
				PRODUCT_BUNDLE_IDENTIFIER = com.ekino.EKKitDemo;
				PRODUCT_NAME = "$(TARGET_NAME)";
				SWIFT_VERSION = 3.0;
			};
			name = Release;
		};
		6E92B41B1EDC204000D37B9F /* Debug */ = {
			isa = XCBuildConfiguration;
			buildSettings = {
				ALWAYS_EMBED_SWIFT_STANDARD_LIBRARIES = YES;
				BUNDLE_LOADER = "$(TEST_HOST)";
				DEVELOPMENT_TEAM = A65MHS8BRK;
				INFOPLIST_FILE = EKKitDemoTests/Info.plist;
				LD_RUNPATH_SEARCH_PATHS = "$(inherited) @executable_path/Frameworks @loader_path/Frameworks";
				PRODUCT_BUNDLE_IDENTIFIER = com.ekino.EKKitDemoTests;
				PRODUCT_NAME = "$(TARGET_NAME)";
				SWIFT_VERSION = 3.0;
				TEST_HOST = "$(BUILT_PRODUCTS_DIR)/EKKitDemo.app/EKKitDemo";
			};
			name = Debug;
		};
		6E92B41C1EDC204000D37B9F /* Release */ = {
			isa = XCBuildConfiguration;
			buildSettings = {
				ALWAYS_EMBED_SWIFT_STANDARD_LIBRARIES = YES;
				BUNDLE_LOADER = "$(TEST_HOST)";
				DEVELOPMENT_TEAM = A65MHS8BRK;
				INFOPLIST_FILE = EKKitDemoTests/Info.plist;
				LD_RUNPATH_SEARCH_PATHS = "$(inherited) @executable_path/Frameworks @loader_path/Frameworks";
				PRODUCT_BUNDLE_IDENTIFIER = com.ekino.EKKitDemoTests;
				PRODUCT_NAME = "$(TARGET_NAME)";
				SWIFT_VERSION = 3.0;
				TEST_HOST = "$(BUILT_PRODUCTS_DIR)/EKKitDemo.app/EKKitDemo";
			};
			name = Release;
		};
		6E92B41E1EDC204000D37B9F /* Debug */ = {
			isa = XCBuildConfiguration;
			buildSettings = {
				ALWAYS_EMBED_SWIFT_STANDARD_LIBRARIES = YES;
				DEVELOPMENT_TEAM = A65MHS8BRK;
				INFOPLIST_FILE = EKKitDemoUITests/Info.plist;
				LD_RUNPATH_SEARCH_PATHS = "$(inherited) @executable_path/Frameworks @loader_path/Frameworks";
				PRODUCT_BUNDLE_IDENTIFIER = com.ekino.EKKitDemoUITests;
				PRODUCT_NAME = "$(TARGET_NAME)";
				SWIFT_VERSION = 3.0;
				TEST_TARGET_NAME = EKKitDemo;
			};
			name = Debug;
		};
		6E92B41F1EDC204000D37B9F /* Release */ = {
			isa = XCBuildConfiguration;
			buildSettings = {
				ALWAYS_EMBED_SWIFT_STANDARD_LIBRARIES = YES;
				DEVELOPMENT_TEAM = A65MHS8BRK;
				INFOPLIST_FILE = EKKitDemoUITests/Info.plist;
				LD_RUNPATH_SEARCH_PATHS = "$(inherited) @executable_path/Frameworks @loader_path/Frameworks";
				PRODUCT_BUNDLE_IDENTIFIER = com.ekino.EKKitDemoUITests;
				PRODUCT_NAME = "$(TARGET_NAME)";
				SWIFT_VERSION = 3.0;
				TEST_TARGET_NAME = EKKitDemo;
			};
			name = Release;
		};
		6E92B43D1EDC204B00D37B9F /* Debug */ = {
			isa = XCBuildConfiguration;
			buildSettings = {
				CLANG_ENABLE_MODULES = YES;
				CODE_SIGN_IDENTITY = "";
				CURRENT_PROJECT_VERSION = 1;
				DEFINES_MODULE = YES;
				DEVELOPMENT_TEAM = A65MHS8BRK;
				DYLIB_COMPATIBILITY_VERSION = 1;
				DYLIB_CURRENT_VERSION = 1;
				DYLIB_INSTALL_NAME_BASE = "@rpath";
				INFOPLIST_FILE = EKKit/Info.plist;
				INSTALL_PATH = "$(LOCAL_LIBRARY_DIR)/Frameworks";
				LD_RUNPATH_SEARCH_PATHS = "$(inherited) @executable_path/Frameworks @loader_path/Frameworks";
				PRODUCT_BUNDLE_IDENTIFIER = com.ekino.EKKit;
				PRODUCT_NAME = "$(TARGET_NAME)";
				SKIP_INSTALL = YES;
				SWIFT_OPTIMIZATION_LEVEL = "-Onone";
				SWIFT_VERSION = 3.0;
				VERSIONING_SYSTEM = "apple-generic";
				VERSION_INFO_PREFIX = "";
			};
			name = Debug;
		};
		6E92B43E1EDC204B00D37B9F /* Release */ = {
			isa = XCBuildConfiguration;
			buildSettings = {
				CLANG_ENABLE_MODULES = YES;
				CODE_SIGN_IDENTITY = "";
				CURRENT_PROJECT_VERSION = 1;
				DEFINES_MODULE = YES;
				DEVELOPMENT_TEAM = A65MHS8BRK;
				DYLIB_COMPATIBILITY_VERSION = 1;
				DYLIB_CURRENT_VERSION = 1;
				DYLIB_INSTALL_NAME_BASE = "@rpath";
				INFOPLIST_FILE = EKKit/Info.plist;
				INSTALL_PATH = "$(LOCAL_LIBRARY_DIR)/Frameworks";
				LD_RUNPATH_SEARCH_PATHS = "$(inherited) @executable_path/Frameworks @loader_path/Frameworks";
				PRODUCT_BUNDLE_IDENTIFIER = com.ekino.EKKit;
				PRODUCT_NAME = "$(TARGET_NAME)";
				SKIP_INSTALL = YES;
				SWIFT_VERSION = 3.0;
				VERSIONING_SYSTEM = "apple-generic";
				VERSION_INFO_PREFIX = "";
			};
			name = Release;
		};
		6E92B4411EDC204B00D37B9F /* Debug */ = {
			isa = XCBuildConfiguration;
			buildSettings = {
				ALWAYS_EMBED_SWIFT_STANDARD_LIBRARIES = YES;
				DEVELOPMENT_TEAM = A65MHS8BRK;
				INFOPLIST_FILE = EKKitTests/Info.plist;
				LD_RUNPATH_SEARCH_PATHS = "$(inherited) @executable_path/Frameworks @loader_path/Frameworks";
				PRODUCT_BUNDLE_IDENTIFIER = com.ekino.EKKitTests;
				PRODUCT_NAME = "$(TARGET_NAME)";
				SWIFT_VERSION = 3.0;
				TEST_HOST = "$(BUILT_PRODUCTS_DIR)/EKKitDemo.app/EKKitDemo";
			};
			name = Debug;
		};
		6E92B4421EDC204B00D37B9F /* Release */ = {
			isa = XCBuildConfiguration;
			buildSettings = {
				ALWAYS_EMBED_SWIFT_STANDARD_LIBRARIES = YES;
				DEVELOPMENT_TEAM = A65MHS8BRK;
				INFOPLIST_FILE = EKKitTests/Info.plist;
				LD_RUNPATH_SEARCH_PATHS = "$(inherited) @executable_path/Frameworks @loader_path/Frameworks";
				PRODUCT_BUNDLE_IDENTIFIER = com.ekino.EKKitTests;
				PRODUCT_NAME = "$(TARGET_NAME)";
				SWIFT_VERSION = 3.0;
				TEST_HOST = "$(BUILT_PRODUCTS_DIR)/EKKitDemo.app/EKKitDemo";
			};
			name = Release;
		};
/* End XCBuildConfiguration section */

/* Begin XCConfigurationList section */
		6E92B3EA1EDC204000D37B9F /* Build configuration list for PBXProject "EKKitDemo" */ = {
			isa = XCConfigurationList;
			buildConfigurations = (
				6E92B4151EDC204000D37B9F /* Debug */,
				6E92B4161EDC204000D37B9F /* Release */,
			);
			defaultConfigurationIsVisible = 0;
			defaultConfigurationName = Release;
		};
		6E92B4171EDC204000D37B9F /* Build configuration list for PBXNativeTarget "EKKitDemo" */ = {
			isa = XCConfigurationList;
			buildConfigurations = (
				6E92B4181EDC204000D37B9F /* Debug */,
				6E92B4191EDC204000D37B9F /* Release */,
			);
			defaultConfigurationIsVisible = 0;
			defaultConfigurationName = Release;
		};
		6E92B41A1EDC204000D37B9F /* Build configuration list for PBXNativeTarget "EKKitDemoTests" */ = {
			isa = XCConfigurationList;
			buildConfigurations = (
				6E92B41B1EDC204000D37B9F /* Debug */,
				6E92B41C1EDC204000D37B9F /* Release */,
			);
			defaultConfigurationIsVisible = 0;
			defaultConfigurationName = Release;
		};
		6E92B41D1EDC204000D37B9F /* Build configuration list for PBXNativeTarget "EKKitDemoUITests" */ = {
			isa = XCConfigurationList;
			buildConfigurations = (
				6E92B41E1EDC204000D37B9F /* Debug */,
				6E92B41F1EDC204000D37B9F /* Release */,
			);
			defaultConfigurationIsVisible = 0;
			defaultConfigurationName = Release;
		};
		6E92B43C1EDC204B00D37B9F /* Build configuration list for PBXNativeTarget "EKKit" */ = {
			isa = XCConfigurationList;
			buildConfigurations = (
				6E92B43D1EDC204B00D37B9F /* Debug */,
				6E92B43E1EDC204B00D37B9F /* Release */,
			);
			defaultConfigurationIsVisible = 0;
			defaultConfigurationName = Release;
		};
		6E92B4401EDC204B00D37B9F /* Build configuration list for PBXNativeTarget "EKKitTests" */ = {
			isa = XCConfigurationList;
			buildConfigurations = (
				6E92B4411EDC204B00D37B9F /* Debug */,
				6E92B4421EDC204B00D37B9F /* Release */,
			);
			defaultConfigurationIsVisible = 0;
			defaultConfigurationName = Release;
		};
/* End XCConfigurationList section */
	};
	rootObject = 6E92B3E71EDC204000D37B9F /* Project object */;
}
